// !$*UTF8*$!
{
	archiveVersion = 1;
	classes = {
	};
	objectVersion = 55;
	objects = {

/* Begin PBXBuildFile section */
		05C96F612872D7820074FD5B /* AppDelegate.swift in Sources */ = {isa = PBXBuildFile; fileRef = 05C96F602872D7820074FD5B /* AppDelegate.swift */; };
		05C96F632872D7820074FD5B /* SceneDelegate.swift in Sources */ = {isa = PBXBuildFile; fileRef = 05C96F622872D7820074FD5B /* SceneDelegate.swift */; };
		05C96F6A2872D78F0074FD5B /* Assets.xcassets in Resources */ = {isa = PBXBuildFile; fileRef = 05C96F692872D78F0074FD5B /* Assets.xcassets */; };
		05C96F6D2872D78F0074FD5B /* LaunchScreen.storyboard in Resources */ = {isa = PBXBuildFile; fileRef = 05C96F6B2872D78F0074FD5B /* LaunchScreen.storyboard */; };
		05C96F75287301C80074FD5B /* MainViewController.swift in Sources */ = {isa = PBXBuildFile; fileRef = 05C96F74287301C80074FD5B /* MainViewController.swift */; };
		05C96F7C28730B220074FD5B /* SnapKit in Frameworks */ = {isa = PBXBuildFile; productRef = 05C96F7B28730B220074FD5B /* SnapKit */; };
		05C96F7F28730B3A0074FD5B /* Then in Frameworks */ = {isa = PBXBuildFile; productRef = 05C96F7E28730B3A0074FD5B /* Then */; };
		05C96F8128745D2E0074FD5B /* DiaryModel.swift in Sources */ = {isa = PBXBuildFile; fileRef = 05C96F8028745D2E0074FD5B /* DiaryModel.swift */; };
		05C96F8428745E130074FD5B /* Realm in Frameworks */ = {isa = PBXBuildFile; productRef = 05C96F8328745E130074FD5B /* Realm */; };
		05C96F8628745E130074FD5B /* RealmSwift in Frameworks */ = {isa = PBXBuildFile; productRef = 05C96F8528745E130074FD5B /* RealmSwift */; };
		05C96F8828745E650074FD5B /* AddDiaryViewController.swift in Sources */ = {isa = PBXBuildFile; fileRef = 05C96F8728745E650074FD5B /* AddDiaryViewController.swift */; };
		05C96F8A28745E9E0074FD5B /* ReadDiaryViewController.swift in Sources */ = {isa = PBXBuildFile; fileRef = 05C96F8928745E9E0074FD5B /* ReadDiaryViewController.swift */; };
		05C96F8D287531C40074FD5B /* DiaryTableViewCell.swift in Sources */ = {isa = PBXBuildFile; fileRef = 05C96F8C287531C40074FD5B /* DiaryTableViewCell.swift */; };
/* End PBXBuildFile section */

/* Begin PBXFileReference section */
		05C96F5D2872D7820074FD5B /* GD-GwakDiary.app */ = {isa = PBXFileReference; explicitFileType = wrapper.application; includeInIndex = 0; path = "GD-GwakDiary.app"; sourceTree = BUILT_PRODUCTS_DIR; };
		05C96F602872D7820074FD5B /* AppDelegate.swift */ = {isa = PBXFileReference; lastKnownFileType = sourcecode.swift; path = AppDelegate.swift; sourceTree = "<group>"; };
		05C96F622872D7820074FD5B /* SceneDelegate.swift */ = {isa = PBXFileReference; lastKnownFileType = sourcecode.swift; path = SceneDelegate.swift; sourceTree = "<group>"; };
		05C96F692872D78F0074FD5B /* Assets.xcassets */ = {isa = PBXFileReference; lastKnownFileType = folder.assetcatalog; path = Assets.xcassets; sourceTree = "<group>"; };
		05C96F6C2872D78F0074FD5B /* Base */ = {isa = PBXFileReference; lastKnownFileType = file.storyboard; name = Base; path = Base.lproj/LaunchScreen.storyboard; sourceTree = "<group>"; };
		05C96F6E2872D78F0074FD5B /* Info.plist */ = {isa = PBXFileReference; lastKnownFileType = text.plist.xml; path = Info.plist; sourceTree = "<group>"; };
		05C96F74287301C80074FD5B /* MainViewController.swift */ = {isa = PBXFileReference; lastKnownFileType = sourcecode.swift; path = MainViewController.swift; sourceTree = "<group>"; };
		05C96F8028745D2E0074FD5B /* DiaryModel.swift */ = {isa = PBXFileReference; lastKnownFileType = sourcecode.swift; path = DiaryModel.swift; sourceTree = "<group>"; };
		05C96F8728745E650074FD5B /* AddDiaryViewController.swift */ = {isa = PBXFileReference; lastKnownFileType = sourcecode.swift; path = AddDiaryViewController.swift; sourceTree = "<group>"; };
		05C96F8928745E9E0074FD5B /* ReadDiaryViewController.swift */ = {isa = PBXFileReference; lastKnownFileType = sourcecode.swift; path = ReadDiaryViewController.swift; sourceTree = "<group>"; };
		05C96F8C287531C40074FD5B /* DiaryTableViewCell.swift */ = {isa = PBXFileReference; lastKnownFileType = sourcecode.swift; path = DiaryTableViewCell.swift; sourceTree = "<group>"; };
/* End PBXFileReference section */

/* Begin PBXFrameworksBuildPhase section */
		05C96F5A2872D7820074FD5B /* Frameworks */ = {
			isa = PBXFrameworksBuildPhase;
			buildActionMask = 2147483647;
			files = (
				05C96F8628745E130074FD5B /* RealmSwift in Frameworks */,
				05C96F8428745E130074FD5B /* Realm in Frameworks */,
				05C96F7C28730B220074FD5B /* SnapKit in Frameworks */,
				05C96F7F28730B3A0074FD5B /* Then in Frameworks */,
			);
			runOnlyForDeploymentPostprocessing = 0;
		};
/* End PBXFrameworksBuildPhase section */

/* Begin PBXGroup section */
		05C96F542872D7820074FD5B = {
			isa = PBXGroup;
			children = (
				05C96F5F2872D7820074FD5B /* GD-GwakDiary */,
				05C96F5E2872D7820074FD5B /* Products */,
			);
			sourceTree = "<group>";
		};
		05C96F5E2872D7820074FD5B /* Products */ = {
			isa = PBXGroup;
			children = (
				05C96F5D2872D7820074FD5B /* GD-GwakDiary.app */,
			);
			name = Products;
			sourceTree = "<group>";
		};
		05C96F5F2872D7820074FD5B /* GD-GwakDiary */ = {
			isa = PBXGroup;
			children = (
				05C96F8B2874798B0074FD5B /* Cells */,
				05C96F792873031E0074FD5B /* Controllers */,
				05C96F782873028F0074FD5B /* Views */,
				05C96F77287302860074FD5B /* ViewModels */,
				05C96F762873027E0074FD5B /* Models */,
				05C96F602872D7820074FD5B /* AppDelegate.swift */,
				05C96F622872D7820074FD5B /* SceneDelegate.swift */,
				05C96F692872D78F0074FD5B /* Assets.xcassets */,
				05C96F6B2872D78F0074FD5B /* LaunchScreen.storyboard */,
				05C96F6E2872D78F0074FD5B /* Info.plist */,
			);
			path = "GD-GwakDiary";
			sourceTree = "<group>";
		};
		05C96F762873027E0074FD5B /* Models */ = {
			isa = PBXGroup;
			children = (
				05C96F8028745D2E0074FD5B /* DiaryModel.swift */,
			);
			path = Models;
			sourceTree = "<group>";
		};
		05C96F77287302860074FD5B /* ViewModels */ = {
			isa = PBXGroup;
			children = (
			);
			path = ViewModels;
			sourceTree = "<group>";
		};
		05C96F782873028F0074FD5B /* Views */ = {
			isa = PBXGroup;
			children = (
			);
			path = Views;
			sourceTree = "<group>";
		};
		05C96F792873031E0074FD5B /* Controllers */ = {
			isa = PBXGroup;
			children = (
				05C96F74287301C80074FD5B /* MainViewController.swift */,
				05C96F8728745E650074FD5B /* AddDiaryViewController.swift */,
				05C96F8928745E9E0074FD5B /* ReadDiaryViewController.swift */,
			);
			path = Controllers;
			sourceTree = "<group>";
		};
		05C96F8B2874798B0074FD5B /* Cells */ = {
			isa = PBXGroup;
			children = (
				05C96F8C287531C40074FD5B /* DiaryTableViewCell.swift */,
			);
			path = Cells;
			sourceTree = "<group>";
		};
/* End PBXGroup section */

/* Begin PBXNativeTarget section */
		05C96F5C2872D7820074FD5B /* GD-GwakDiary */ = {
			isa = PBXNativeTarget;
			buildConfigurationList = 05C96F712872D78F0074FD5B /* Build configuration list for PBXNativeTarget "GD-GwakDiary" */;
			buildPhases = (
				05C96F592872D7820074FD5B /* Sources */,
				05C96F5A2872D7820074FD5B /* Frameworks */,
				05C96F5B2872D7820074FD5B /* Resources */,
			);
			buildRules = (
			);
			dependencies = (
			);
			name = "GD-GwakDiary";
			packageProductDependencies = (
				05C96F7B28730B220074FD5B /* SnapKit */,
				05C96F7E28730B3A0074FD5B /* Then */,
				05C96F8328745E130074FD5B /* Realm */,
				05C96F8528745E130074FD5B /* RealmSwift */,
			);
			productName = "GD-GwakDiary";
			productReference = 05C96F5D2872D7820074FD5B /* GD-GwakDiary.app */;
			productType = "com.apple.product-type.application";
		};
/* End PBXNativeTarget section */

/* Begin PBXProject section */
		05C96F552872D7820074FD5B /* Project object */ = {
			isa = PBXProject;
			attributes = {
				BuildIndependentTargetsInParallel = 1;
				LastSwiftUpdateCheck = 1320;
				LastUpgradeCheck = 1320;
				TargetAttributes = {
					05C96F5C2872D7820074FD5B = {
						CreatedOnToolsVersion = 13.2.1;
					};
				};
			};
			buildConfigurationList = 05C96F582872D7820074FD5B /* Build configuration list for PBXProject "GD-GwakDiary" */;
			compatibilityVersion = "Xcode 13.0";
			developmentRegion = en;
			hasScannedForEncodings = 0;
			knownRegions = (
				en,
				Base,
			);
			mainGroup = 05C96F542872D7820074FD5B;
			packageReferences = (
				05C96F7A28730B220074FD5B /* XCRemoteSwiftPackageReference "SnapKit" */,
				05C96F7D28730B3A0074FD5B /* XCRemoteSwiftPackageReference "Then" */,
				05C96F8228745E130074FD5B /* XCRemoteSwiftPackageReference "realm-swift" */,
			);
			productRefGroup = 05C96F5E2872D7820074FD5B /* Products */;
			projectDirPath = "";
			projectRoot = "";
			targets = (
				05C96F5C2872D7820074FD5B /* GD-GwakDiary */,
			);
		};
/* End PBXProject section */

/* Begin PBXResourcesBuildPhase section */
		05C96F5B2872D7820074FD5B /* Resources */ = {
			isa = PBXResourcesBuildPhase;
			buildActionMask = 2147483647;
			files = (
				05C96F6D2872D78F0074FD5B /* LaunchScreen.storyboard in Resources */,
				05C96F6A2872D78F0074FD5B /* Assets.xcassets in Resources */,
			);
			runOnlyForDeploymentPostprocessing = 0;
		};
/* End PBXResourcesBuildPhase section */

/* Begin PBXSourcesBuildPhase section */
		05C96F592872D7820074FD5B /* Sources */ = {
			isa = PBXSourcesBuildPhase;
			buildActionMask = 2147483647;
			files = (
				05C96F8D287531C40074FD5B /* DiaryTableViewCell.swift in Sources */,
				05C96F612872D7820074FD5B /* AppDelegate.swift in Sources */,
				05C96F8128745D2E0074FD5B /* DiaryModel.swift in Sources */,
				05C96F8A28745E9E0074FD5B /* ReadDiaryViewController.swift in Sources */,
				05C96F75287301C80074FD5B /* MainViewController.swift in Sources */,
				05C96F8828745E650074FD5B /* AddDiaryViewController.swift in Sources */,
				05C96F632872D7820074FD5B /* SceneDelegate.swift in Sources */,
			);
			runOnlyForDeploymentPostprocessing = 0;
		};
/* End PBXSourcesBuildPhase section */

/* Begin PBXVariantGroup section */
		05C96F6B2872D78F0074FD5B /* LaunchScreen.storyboard */ = {
			isa = PBXVariantGroup;
			children = (
				05C96F6C2872D78F0074FD5B /* Base */,
			);
			name = LaunchScreen.storyboard;
			sourceTree = "<group>";
		};
/* End PBXVariantGroup section */

/* Begin XCBuildConfiguration section */
		05C96F6F2872D78F0074FD5B /* Debug */ = {
			isa = XCBuildConfiguration;
			buildSettings = {
				ALWAYS_SEARCH_USER_PATHS = NO;
				CLANG_ANALYZER_NONNULL = YES;
				CLANG_ANALYZER_NUMBER_OBJECT_CONVERSION = YES_AGGRESSIVE;
				CLANG_CXX_LANGUAGE_STANDARD = "gnu++17";
				CLANG_CXX_LIBRARY = "libc++";
				CLANG_ENABLE_MODULES = YES;
				CLANG_ENABLE_OBJC_ARC = YES;
				CLANG_ENABLE_OBJC_WEAK = YES;
				CLANG_WARN_BLOCK_CAPTURE_AUTORELEASING = YES;
				CLANG_WARN_BOOL_CONVERSION = YES;
				CLANG_WARN_COMMA = YES;
				CLANG_WARN_CONSTANT_CONVERSION = YES;
				CLANG_WARN_DEPRECATED_OBJC_IMPLEMENTATIONS = YES;
				CLANG_WARN_DIRECT_OBJC_ISA_USAGE = YES_ERROR;
				CLANG_WARN_DOCUMENTATION_COMMENTS = YES;
				CLANG_WARN_EMPTY_BODY = YES;
				CLANG_WARN_ENUM_CONVERSION = YES;
				CLANG_WARN_INFINITE_RECURSION = YES;
				CLANG_WARN_INT_CONVERSION = YES;
				CLANG_WARN_NON_LITERAL_NULL_CONVERSION = YES;
				CLANG_WARN_OBJC_IMPLICIT_RETAIN_SELF = YES;
				CLANG_WARN_OBJC_LITERAL_CONVERSION = YES;
				CLANG_WARN_OBJC_ROOT_CLASS = YES_ERROR;
				CLANG_WARN_QUOTED_INCLUDE_IN_FRAMEWORK_HEADER = YES;
				CLANG_WARN_RANGE_LOOP_ANALYSIS = YES;
				CLANG_WARN_STRICT_PROTOTYPES = YES;
				CLANG_WARN_SUSPICIOUS_MOVE = YES;
				CLANG_WARN_UNGUARDED_AVAILABILITY = YES_AGGRESSIVE;
				CLANG_WARN_UNREACHABLE_CODE = YES;
				CLANG_WARN__DUPLICATE_METHOD_MATCH = YES;
				COPY_PHASE_STRIP = NO;
				DEBUG_INFORMATION_FORMAT = dwarf;
				ENABLE_STRICT_OBJC_MSGSEND = YES;
				ENABLE_TESTABILITY = YES;
				GCC_C_LANGUAGE_STANDARD = gnu11;
				GCC_DYNAMIC_NO_PIC = NO;
				GCC_NO_COMMON_BLOCKS = YES;
				GCC_OPTIMIZATION_LEVEL = 0;
				GCC_PREPROCESSOR_DEFINITIONS = (
					"DEBUG=1",
					"$(inherited)",
				);
				GCC_WARN_64_TO_32_BIT_CONVERSION = YES;
				GCC_WARN_ABOUT_RETURN_TYPE = YES_ERROR;
				GCC_WARN_UNDECLARED_SELECTOR = YES;
				GCC_WARN_UNINITIALIZED_AUTOS = YES_AGGRESSIVE;
				GCC_WARN_UNUSED_FUNCTION = YES;
				GCC_WARN_UNUSED_VARIABLE = YES;
				IPHONEOS_DEPLOYMENT_TARGET = 15.2;
				MTL_ENABLE_DEBUG_INFO = INCLUDE_SOURCE;
				MTL_FAST_MATH = YES;
				ONLY_ACTIVE_ARCH = YES;
				SDKROOT = iphoneos;
				SWIFT_ACTIVE_COMPILATION_CONDITIONS = DEBUG;
				SWIFT_OPTIMIZATION_LEVEL = "-Onone";
			};
			name = Debug;
		};
		05C96F702872D78F0074FD5B /* Release */ = {
			isa = XCBuildConfiguration;
			buildSettings = {
				ALWAYS_SEARCH_USER_PATHS = NO;
				CLANG_ANALYZER_NONNULL = YES;
				CLANG_ANALYZER_NUMBER_OBJECT_CONVERSION = YES_AGGRESSIVE;
				CLANG_CXX_LANGUAGE_STANDARD = "gnu++17";
				CLANG_CXX_LIBRARY = "libc++";
				CLANG_ENABLE_MODULES = YES;
				CLANG_ENABLE_OBJC_ARC = YES;
				CLANG_ENABLE_OBJC_WEAK = YES;
				CLANG_WARN_BLOCK_CAPTURE_AUTORELEASING = YES;
				CLANG_WARN_BOOL_CONVERSION = YES;
				CLANG_WARN_COMMA = YES;
				CLANG_WARN_CONSTANT_CONVERSION = YES;
				CLANG_WARN_DEPRECATED_OBJC_IMPLEMENTATIONS = YES;
				CLANG_WARN_DIRECT_OBJC_ISA_USAGE = YES_ERROR;
				CLANG_WARN_DOCUMENTATION_COMMENTS = YES;
				CLANG_WARN_EMPTY_BODY = YES;
				CLANG_WARN_ENUM_CONVERSION = YES;
				CLANG_WARN_INFINITE_RECURSION = YES;
				CLANG_WARN_INT_CONVERSION = YES;
				CLANG_WARN_NON_LITERAL_NULL_CONVERSION = YES;
				CLANG_WARN_OBJC_IMPLICIT_RETAIN_SELF = YES;
				CLANG_WARN_OBJC_LITERAL_CONVERSION = YES;
				CLANG_WARN_OBJC_ROOT_CLASS = YES_ERROR;
				CLANG_WARN_QUOTED_INCLUDE_IN_FRAMEWORK_HEADER = YES;
				CLANG_WARN_RANGE_LOOP_ANALYSIS = YES;
				CLANG_WARN_STRICT_PROTOTYPES = YES;
				CLANG_WARN_SUSPICIOUS_MOVE = YES;
				CLANG_WARN_UNGUARDED_AVAILABILITY = YES_AGGRESSIVE;
				CLANG_WARN_UNREACHABLE_CODE = YES;
				CLANG_WARN__DUPLICATE_METHOD_MATCH = YES;
				COPY_PHASE_STRIP = NO;
				DEBUG_INFORMATION_FORMAT = "dwarf-with-dsym";
				ENABLE_NS_ASSERTIONS = NO;
				ENABLE_STRICT_OBJC_MSGSEND = YES;
				GCC_C_LANGUAGE_STANDARD = gnu11;
				GCC_NO_COMMON_BLOCKS = YES;
				GCC_WARN_64_TO_32_BIT_CONVERSION = YES;
				GCC_WARN_ABOUT_RETURN_TYPE = YES_ERROR;
				GCC_WARN_UNDECLARED_SELECTOR = YES;
				GCC_WARN_UNINITIALIZED_AUTOS = YES_AGGRESSIVE;
				GCC_WARN_UNUSED_FUNCTION = YES;
				GCC_WARN_UNUSED_VARIABLE = YES;
				IPHONEOS_DEPLOYMENT_TARGET = 15.2;
				MTL_ENABLE_DEBUG_INFO = NO;
				MTL_FAST_MATH = YES;
				SDKROOT = iphoneos;
				SWIFT_COMPILATION_MODE = wholemodule;
				SWIFT_OPTIMIZATION_LEVEL = "-O";
				VALIDATE_PRODUCT = YES;
			};
			name = Release;
		};
		05C96F722872D78F0074FD5B /* Debug */ = {
			isa = XCBuildConfiguration;
			buildSettings = {
				ASSETCATALOG_COMPILER_APPICON_NAME = AppIcon;
				ASSETCATALOG_COMPILER_GLOBAL_ACCENT_COLOR_NAME = AccentColor;
				CODE_SIGN_STYLE = Automatic;
				CURRENT_PROJECT_VERSION = 1;
				DEVELOPMENT_TEAM = F83UCL3G4C;
				GENERATE_INFOPLIST_FILE = YES;
				INFOPLIST_FILE = "GD-GwakDiary/Info.plist";
				INFOPLIST_KEY_UIApplicationSupportsIndirectInputEvents = YES;
				INFOPLIST_KEY_UILaunchStoryboardName = LaunchScreen;
				INFOPLIST_KEY_UISupportedInterfaceOrientations_iPad = "UIInterfaceOrientationPortrait UIInterfaceOrientationPortraitUpsideDown UIInterfaceOrientationLandscapeLeft UIInterfaceOrientationLandscapeRight";
				INFOPLIST_KEY_UISupportedInterfaceOrientations_iPhone = "UIInterfaceOrientationPortrait UIInterfaceOrientationLandscapeLeft UIInterfaceOrientationLandscapeRight";
				LD_RUNPATH_SEARCH_PATHS = (
					"$(inherited)",
					"@executable_path/Frameworks",
				);
				MARKETING_VERSION = 1.0;
				PRODUCT_BUNDLE_IDENTIFIER = "com.swif.GD-GwakDiary";
				PRODUCT_NAME = "$(TARGET_NAME)";
				SWIFT_EMIT_LOC_STRINGS = YES;
				SWIFT_VERSION = 5.0;
				TARGETED_DEVICE_FAMILY = "1,2";
			};
			name = Debug;
		};
		05C96F732872D78F0074FD5B /* Release */ = {
			isa = XCBuildConfiguration;
			buildSettings = {
				ASSETCATALOG_COMPILER_APPICON_NAME = AppIcon;
				ASSETCATALOG_COMPILER_GLOBAL_ACCENT_COLOR_NAME = AccentColor;
				CODE_SIGN_STYLE = Automatic;
				CURRENT_PROJECT_VERSION = 1;
				DEVELOPMENT_TEAM = F83UCL3G4C;
				GENERATE_INFOPLIST_FILE = YES;
				INFOPLIST_FILE = "GD-GwakDiary/Info.plist";
				INFOPLIST_KEY_UIApplicationSupportsIndirectInputEvents = YES;
				INFOPLIST_KEY_UILaunchStoryboardName = LaunchScreen;
				INFOPLIST_KEY_UISupportedInterfaceOrientations_iPad = "UIInterfaceOrientationPortrait UIInterfaceOrientationPortraitUpsideDown UIInterfaceOrientationLandscapeLeft UIInterfaceOrientationLandscapeRight";
				INFOPLIST_KEY_UISupportedInterfaceOrientations_iPhone = "UIInterfaceOrientationPortrait UIInterfaceOrientationLandscapeLeft UIInterfaceOrientationLandscapeRight";
				LD_RUNPATH_SEARCH_PATHS = (
					"$(inherited)",
					"@executable_path/Frameworks",
				);
				MARKETING_VERSION = 1.0;
				PRODUCT_BUNDLE_IDENTIFIER = "com.swif.GD-GwakDiary";
				PRODUCT_NAME = "$(TARGET_NAME)";
				SWIFT_EMIT_LOC_STRINGS = YES;
				SWIFT_VERSION = 5.0;
				TARGETED_DEVICE_FAMILY = "1,2";
			};
			name = Release;
		};
/* End XCBuildConfiguration section */

/* Begin XCConfigurationList section */
		05C96F582872D7820074FD5B /* Build configuration list for PBXProject "GD-GwakDiary" */ = {
			isa = XCConfigurationList;
			buildConfigurations = (
				05C96F6F2872D78F0074FD5B /* Debug */,
				05C96F702872D78F0074FD5B /* Release */,
			);
			defaultConfigurationIsVisible = 0;
			defaultConfigurationName = Release;
		};
		05C96F712872D78F0074FD5B /* Build configuration list for PBXNativeTarget "GD-GwakDiary" */ = {
			isa = XCConfigurationList;
			buildConfigurations = (
				05C96F722872D78F0074FD5B /* Debug */,
				05C96F732872D78F0074FD5B /* Release */,
			);
			defaultConfigurationIsVisible = 0;
			defaultConfigurationName = Release;
		};
/* End XCConfigurationList section */

/* Begin XCRemoteSwiftPackageReference section */
		05C96F7A28730B220074FD5B /* XCRemoteSwiftPackageReference "SnapKit" */ = {
			isa = XCRemoteSwiftPackageReference;
			repositoryURL = "https://github.com/SnapKit/SnapKit.git";
			requirement = {
				branch = develop;
				kind = branch;
			};
		};
		05C96F7D28730B3A0074FD5B /* XCRemoteSwiftPackageReference "Then" */ = {
			isa = XCRemoteSwiftPackageReference;
			repositoryURL = "https://github.com/devxoul/Then";
			requirement = {
				branch = master;
				kind = branch;
			};
		};
		05C96F8228745E130074FD5B /* XCRemoteSwiftPackageReference "realm-swift" */ = {
			isa = XCRemoteSwiftPackageReference;
			repositoryURL = "https://github.com/realm/realm-swift";
			requirement = {
				branch = master;
				kind = branch;
			};
		};
/* End XCRemoteSwiftPackageReference section */

/* Begin XCSwiftPackageProductDependency section */
		05C96F7B28730B220074FD5B /* SnapKit */ = {
			isa = XCSwiftPackageProductDependency;
			package = 05C96F7A28730B220074FD5B /* XCRemoteSwiftPackageReference "SnapKit" */;
			productName = SnapKit;
		};
		05C96F7E28730B3A0074FD5B /* Then */ = {
			isa = XCSwiftPackageProductDependency;
			package = 05C96F7D28730B3A0074FD5B /* XCRemoteSwiftPackageReference "Then" */;
			productName = Then;
		};
		05C96F8328745E130074FD5B /* Realm */ = {
			isa = XCSwiftPackageProductDependency;
			package = 05C96F8228745E130074FD5B /* XCRemoteSwiftPackageReference "realm-swift" */;
			productName = Realm;
		};
		05C96F8528745E130074FD5B /* RealmSwift */ = {
			isa = XCSwiftPackageProductDependency;
			package = 05C96F8228745E130074FD5B /* XCRemoteSwiftPackageReference "realm-swift" */;
			productName = RealmSwift;
		};
/* End XCSwiftPackageProductDependency section */
	};
	rootObject = 05C96F552872D7820074FD5B /* Project object */;
}
